
Microsoft Visual Studio Solution File, Format Version 12.00
# Visual Studio 14
VisualStudioVersion = 14.0.25123.0
MinimumVisualStudioVersion = 10.0.40219.1
Project("{FAE04EC0-301F-11D3-BF4B-00C04F79EFBC}") = "Client_Lab_1", "Client_Lab_1\Client_Lab_1.csproj", "{A9BB2FB0-D62E-45F9-82C9-C5029CF9EFB7}"
EndProject
Project("{FAE04EC0-301F-11D3-BF4B-00C04F79EFBC}") = "Server_Lab_1_KPP", "Server_Lab_1_KPP\Server_Lab_1_KPP.csproj", "{34344D0A-C186-4FE9-A639-E29E3C45D355}"
EndProject
Project("{FAE04EC0-301F-11D3-BF4B-00C04F79EFBC}") = "Server_Lab_2_KPP", "Server_Lab_2_KPP\Server_Lab_2_KPP.csproj", "{BF597221-CC46-4AE9-852D-23A5ABF64DC6}"
EndProject
Project("{FAE04EC0-301F-11D3-BF4B-00C04F79EFBC}") = "Client__Lab_2", "Client__Lab_2\Client__Lab_2.csproj", "{23F59161-E505-4338-9BE8-2B50A9659094}"
EndProject
Project("{FAE04EC0-301F-11D3-BF4B-00C04F79EFBC}") = "Server_Lab_3_KPP", "Server_Lab_3\Server_Lab_3_KPP.csproj", "{E380BAC1-FCDC-43F1-A51A-CD83D8FBCC4B}"
EndProject
Project("{FAE04EC0-301F-11D3-BF4B-00C04F79EFBC}") = "Client_Lab_3", "Client_Lab_3\Client_Lab_3.csproj", "{D3972F48-7C5B-45D2-9553-DE028CD52825}"
EndProject
Project("{FAE04EC0-301F-11D3-BF4B-00C04F79EFBC}") = "Word_Lab_4_KPP", "Word_Lab_4_KPP\Word_Lab_4_KPP.csproj", "{8561B917-6965-44DB-A0AC-A500E160B2EF}"
EndProject
Project("{FAE04EC0-301F-11D3-BF4B-00C04F79EFBC}") = "Word_Lab_5_KPP", "Word_Lab_5_KPP\Word_Lab_5_KPP.csproj", "{CD6260F2-B1F8-448C-A643-B18E2D7CB7FF}"
EndProject
Project("{FAE04EC0-301F-11D3-BF4B-00C04F79EFBC}") = "Excel_Lab_6_KPP", "Excel_Lab_6_KPP\Excel_Lab_6_KPP.csproj", "{5ECA4097-6F9E-4D9A-8ABE-90C51FC9EED4}"
EndProject
Project("{FAE04EC0-301F-11D3-BF4B-00C04F79EFBC}") = "Excel_Lab_7_KPP", "Excel_Lab_7_KPP\Excel_Lab_7_KPP.csproj", "{EE756656-8161-491A-B8DC-5C4EED756739}"
EndProject
Project("{2150E333-8FDC-42A3-9474-1A3956D46DE8}") = "КПП", "КПП", "{A3A04B82-CBBC-4713-ADC6-5C7495C1E362}"
EndProject
Project("{FAE04EC0-301F-11D3-BF4B-00C04F79EFBC}") = "lr_1_3_TRSPO", "lr_1_3_TRSPO\lr_1_3_TRSPO.csproj", "{018E6C61-6E7F-40D9-BA9A-47768ABCD3F3}"
EndProject
Project("{FAE04EC0-301F-11D3-BF4B-00C04F79EFBC}") = "lr_2_3_TRSPO", "lr_2_3_TRSPO\lr_2_3_TRSPO.csproj", "{F0B6FE30-CCDD-4E39-AF2C-CF0C4C051860}"
EndProject
Project("{FAE04EC0-301F-11D3-BF4B-00C04F79EFBC}") = "lr_3_3_TRSPO", "lr_3_3_TRSPO\lr_3_3_TRSPO.csproj", "{FA0F18D3-5908-43C7-B984-B285F8587729}"
EndProject
Project("{FAE04EC0-301F-11D3-BF4B-00C04F79EFBC}") = "lr_4_3_TRSPO", "lr_4_3_TRSPO\lr_4_3_TRSPO.csproj", "{D43B1ADA-F74C-493C-BE4D-074AC9844849}"
EndProject
Project("{FAE04EC0-301F-11D3-BF4B-00C04F79EFBC}") = "lr_5_3_TRSPO", "lr_5_3_TRSPO\lr_5_3_TRSPO.csproj", "{7DC6CE56-C691-4EB6-8377-3AF048047EB7}"
EndProject
Project("{FAE04EC0-301F-11D3-BF4B-00C04F79EFBC}") = "lr_6_3_TRSPO", "lr_6_3_TRSPO\lr_6_3_TRSPO.csproj", "{87AE3D4B-871C-4740-88F7-7C552DD86137}"
EndProject
Project("{FAE04EC0-301F-11D3-BF4B-00C04F79EFBC}") = "lr_7_3_TRSPO", "lr_7_3_TRSPO\lr_7_3_TRSPO.csproj", "{12AFCEF6-2148-4B18-8419-C5CEFF67B6FB}"
EndProject
Project("{8BC9CEB8-8B4A-11D0-8D11-00A0C91BC942}") = "lr_8_3", "lr_8_3\lr_8_3.vcxproj", "{0CEBAA90-9DAE-4FE6-A4EF-B377A9DAB8EE}"
EndProject
Project("{2150E333-8FDC-42A3-9474-1A3956D46DE8}") = "ТРСПО", "ТРСПО", "{DA9A84A5-ECE5-437A-8549-EC036DEE6940}"
EndProject
Project("{FAE04EC0-301F-11D3-BF4B-00C04F79EFBC}") = "Client_lr_3_3", "Client\Client_lr_3_3.csproj", "{4565AE44-D158-4AB5-8195-DD689D881A3F}"
EndProject
Project("{FAE04EC0-301F-11D3-BF4B-00C04F79EFBC}") = "Server_lr_3_3", "Server\Server_lr_3_3.csproj", "{CDA05B79-5BF4-4412-A288-2825335B5F4C}"
EndProject
Global
	GlobalSection(SolutionConfigurationPlatforms) = preSolution
		Debug|Any CPU = Debug|Any CPU
		Debug|x64 = Debug|x64
		Debug|x86 = Debug|x86
		Release|Any CPU = Release|Any CPU
		Release|x64 = Release|x64
		Release|x86 = Release|x86
	EndGlobalSection
	GlobalSection(ProjectConfigurationPlatforms) = postSolution
		{A9BB2FB0-D62E-45F9-82C9-C5029CF9EFB7}.Debug|Any CPU.ActiveCfg = Debug|Any CPU
		{A9BB2FB0-D62E-45F9-82C9-C5029CF9EFB7}.Debug|Any CPU.Build.0 = Debug|Any CPU
		{A9BB2FB0-D62E-45F9-82C9-C5029CF9EFB7}.Debug|x64.ActiveCfg = Debug|Any CPU
		{A9BB2FB0-D62E-45F9-82C9-C5029CF9EFB7}.Debug|x64.Build.0 = Debug|Any CPU
		{A9BB2FB0-D62E-45F9-82C9-C5029CF9EFB7}.Debug|x86.ActiveCfg = Debug|Any CPU
		{A9BB2FB0-D62E-45F9-82C9-C5029CF9EFB7}.Debug|x86.Build.0 = Debug|Any CPU
		{A9BB2FB0-D62E-45F9-82C9-C5029CF9EFB7}.Release|Any CPU.ActiveCfg = Release|Any CPU
		{A9BB2FB0-D62E-45F9-82C9-C5029CF9EFB7}.Release|Any CPU.Build.0 = Release|Any CPU
		{A9BB2FB0-D62E-45F9-82C9-C5029CF9EFB7}.Release|x64.ActiveCfg = Release|Any CPU
		{A9BB2FB0-D62E-45F9-82C9-C5029CF9EFB7}.Release|x64.Build.0 = Release|Any CPU
		{A9BB2FB0-D62E-45F9-82C9-C5029CF9EFB7}.Release|x86.ActiveCfg = Release|Any CPU
		{A9BB2FB0-D62E-45F9-82C9-C5029CF9EFB7}.Release|x86.Build.0 = Release|Any CPU
		{34344D0A-C186-4FE9-A639-E29E3C45D355}.Debug|Any CPU.ActiveCfg = Debug|Any CPU
		{34344D0A-C186-4FE9-A639-E29E3C45D355}.Debug|Any CPU.Build.0 = Debug|Any CPU
		{34344D0A-C186-4FE9-A639-E29E3C45D355}.Debug|x64.ActiveCfg = Debug|Any CPU
		{34344D0A-C186-4FE9-A639-E29E3C45D355}.Debug|x64.Build.0 = Debug|Any CPU
		{34344D0A-C186-4FE9-A639-E29E3C45D355}.Debug|x86.ActiveCfg = Debug|Any CPU
		{34344D0A-C186-4FE9-A639-E29E3C45D355}.Debug|x86.Build.0 = Debug|Any CPU
		{34344D0A-C186-4FE9-A639-E29E3C45D355}.Release|Any CPU.ActiveCfg = Release|Any CPU
		{34344D0A-C186-4FE9-A639-E29E3C45D355}.Release|Any CPU.Build.0 = Release|Any CPU
		{34344D0A-C186-4FE9-A639-E29E3C45D355}.Release|x64.ActiveCfg = Release|Any CPU
		{34344D0A-C186-4FE9-A639-E29E3C45D355}.Release|x64.Build.0 = Release|Any CPU
		{34344D0A-C186-4FE9-A639-E29E3C45D355}.Release|x86.ActiveCfg = Release|Any CPU
		{34344D0A-C186-4FE9-A639-E29E3C45D355}.Release|x86.Build.0 = Release|Any CPU
		{BF597221-CC46-4AE9-852D-23A5ABF64DC6}.Debug|Any CPU.ActiveCfg = Debug|Any CPU
		{BF597221-CC46-4AE9-852D-23A5ABF64DC6}.Debug|Any CPU.Build.0 = Debug|Any CPU
		{BF597221-CC46-4AE9-852D-23A5ABF64DC6}.Debug|x64.ActiveCfg = Debug|Any CPU
		{BF597221-CC46-4AE9-852D-23A5ABF64DC6}.Debug|x64.Build.0 = Debug|Any CPU
		{BF597221-CC46-4AE9-852D-23A5ABF64DC6}.Debug|x86.ActiveCfg = Debug|Any CPU
		{BF597221-CC46-4AE9-852D-23A5ABF64DC6}.Debug|x86.Build.0 = Debug|Any CPU
		{BF597221-CC46-4AE9-852D-23A5ABF64DC6}.Release|Any CPU.ActiveCfg = Release|Any CPU
		{BF597221-CC46-4AE9-852D-23A5ABF64DC6}.Release|Any CPU.Build.0 = Release|Any CPU
		{BF597221-CC46-4AE9-852D-23A5ABF64DC6}.Release|x64.ActiveCfg = Release|Any CPU
		{BF597221-CC46-4AE9-852D-23A5ABF64DC6}.Release|x64.Build.0 = Release|Any CPU
		{BF597221-CC46-4AE9-852D-23A5ABF64DC6}.Release|x86.ActiveCfg = Release|Any CPU
		{BF597221-CC46-4AE9-852D-23A5ABF64DC6}.Release|x86.Build.0 = Release|Any CPU
		{23F59161-E505-4338-9BE8-2B50A9659094}.Debug|Any CPU.ActiveCfg = Debug|Any CPU
		{23F59161-E505-4338-9BE8-2B50A9659094}.Debug|Any CPU.Build.0 = Debug|Any CPU
		{23F59161-E505-4338-9BE8-2B50A9659094}.Debug|x64.ActiveCfg = Debug|Any CPU
		{23F59161-E505-4338-9BE8-2B50A9659094}.Debug|x64.Build.0 = Debug|Any CPU
		{23F59161-E505-4338-9BE8-2B50A9659094}.Debug|x86.ActiveCfg = Debug|Any CPU
		{23F59161-E505-4338-9BE8-2B50A9659094}.Debug|x86.Build.0 = Debug|Any CPU
		{23F59161-E505-4338-9BE8-2B50A9659094}.Release|Any CPU.ActiveCfg = Release|Any CPU
		{23F59161-E505-4338-9BE8-2B50A9659094}.Release|Any CPU.Build.0 = Release|Any CPU
		{23F59161-E505-4338-9BE8-2B50A9659094}.Release|x64.ActiveCfg = Release|Any CPU
		{23F59161-E505-4338-9BE8-2B50A9659094}.Release|x64.Build.0 = Release|Any CPU
		{23F59161-E505-4338-9BE8-2B50A9659094}.Release|x86.ActiveCfg = Release|Any CPU
		{23F59161-E505-4338-9BE8-2B50A9659094}.Release|x86.Build.0 = Release|Any CPU
		{E380BAC1-FCDC-43F1-A51A-CD83D8FBCC4B}.Debug|Any CPU.ActiveCfg = Debug|Any CPU
		{E380BAC1-FCDC-43F1-A51A-CD83D8FBCC4B}.Debug|Any CPU.Build.0 = Debug|Any CPU
		{E380BAC1-FCDC-43F1-A51A-CD83D8FBCC4B}.Debug|x64.ActiveCfg = Debug|Any CPU
		{E380BAC1-FCDC-43F1-A51A-CD83D8FBCC4B}.Debug|x64.Build.0 = Debug|Any CPU
		{E380BAC1-FCDC-43F1-A51A-CD83D8FBCC4B}.Debug|x86.ActiveCfg = Debug|Any CPU
		{E380BAC1-FCDC-43F1-A51A-CD83D8FBCC4B}.Debug|x86.Build.0 = Debug|Any CPU
		{E380BAC1-FCDC-43F1-A51A-CD83D8FBCC4B}.Release|Any CPU.ActiveCfg = Release|Any CPU
		{E380BAC1-FCDC-43F1-A51A-CD83D8FBCC4B}.Release|Any CPU.Build.0 = Release|Any CPU
		{E380BAC1-FCDC-43F1-A51A-CD83D8FBCC4B}.Release|x64.ActiveCfg = Release|Any CPU
		{E380BAC1-FCDC-43F1-A51A-CD83D8FBCC4B}.Release|x64.Build.0 = Release|Any CPU
		{E380BAC1-FCDC-43F1-A51A-CD83D8FBCC4B}.Release|x86.ActiveCfg = Release|Any CPU
		{E380BAC1-FCDC-43F1-A51A-CD83D8FBCC4B}.Release|x86.Build.0 = Release|Any CPU
		{D3972F48-7C5B-45D2-9553-DE028CD52825}.Debug|Any CPU.ActiveCfg = Debug|Any CPU
		{D3972F48-7C5B-45D2-9553-DE028CD52825}.Debug|Any CPU.Build.0 = Debug|Any CPU
		{D3972F48-7C5B-45D2-9553-DE028CD52825}.Debug|x64.ActiveCfg = Debug|Any CPU
		{D3972F48-7C5B-45D2-9553-DE028CD52825}.Debug|x64.Build.0 = Debug|Any CPU
		{D3972F48-7C5B-45D2-9553-DE028CD52825}.Debug|x86.ActiveCfg = Debug|Any CPU
		{D3972F48-7C5B-45D2-9553-DE028CD52825}.Debug|x86.Build.0 = Debug|Any CPU
		{D3972F48-7C5B-45D2-9553-DE028CD52825}.Release|Any CPU.ActiveCfg = Release|Any CPU
		{D3972F48-7C5B-45D2-9553-DE028CD52825}.Release|Any CPU.Build.0 = Release|Any CPU
		{D3972F48-7C5B-45D2-9553-DE028CD52825}.Release|x64.ActiveCfg = Release|Any CPU
		{D3972F48-7C5B-45D2-9553-DE028CD52825}.Release|x64.Build.0 = Release|Any CPU
		{D3972F48-7C5B-45D2-9553-DE028CD52825}.Release|x86.ActiveCfg = Release|Any CPU
		{D3972F48-7C5B-45D2-9553-DE028CD52825}.Release|x86.Build.0 = Release|Any CPU
		{8561B917-6965-44DB-A0AC-A500E160B2EF}.Debug|Any CPU.ActiveCfg = Debug|Any CPU
		{8561B917-6965-44DB-A0AC-A500E160B2EF}.Debug|Any CPU.Build.0 = Debug|Any CPU
		{8561B917-6965-44DB-A0AC-A500E160B2EF}.Debug|x64.ActiveCfg = Debug|Any CPU
		{8561B917-6965-44DB-A0AC-A500E160B2EF}.Debug|x64.Build.0 = Debug|Any CPU
		{8561B917-6965-44DB-A0AC-A500E160B2EF}.Debug|x86.ActiveCfg = Debug|Any CPU
		{8561B917-6965-44DB-A0AC-A500E160B2EF}.Debug|x86.Build.0 = Debug|Any CPU
		{8561B917-6965-44DB-A0AC-A500E160B2EF}.Release|Any CPU.ActiveCfg = Release|Any CPU
		{8561B917-6965-44DB-A0AC-A500E160B2EF}.Release|Any CPU.Build.0 = Release|Any CPU
		{8561B917-6965-44DB-A0AC-A500E160B2EF}.Release|x64.ActiveCfg = Release|Any CPU
		{8561B917-6965-44DB-A0AC-A500E160B2EF}.Release|x64.Build.0 = Release|Any CPU
		{8561B917-6965-44DB-A0AC-A500E160B2EF}.Release|x86.ActiveCfg = Release|Any CPU
		{8561B917-6965-44DB-A0AC-A500E160B2EF}.Release|x86.Build.0 = Release|Any CPU
		{CD6260F2-B1F8-448C-A643-B18E2D7CB7FF}.Debug|Any CPU.ActiveCfg = Debug|Any CPU
		{CD6260F2-B1F8-448C-A643-B18E2D7CB7FF}.Debug|Any CPU.Build.0 = Debug|Any CPU
		{CD6260F2-B1F8-448C-A643-B18E2D7CB7FF}.Debug|x64.ActiveCfg = Debug|Any CPU
		{CD6260F2-B1F8-448C-A643-B18E2D7CB7FF}.Debug|x64.Build.0 = Debug|Any CPU
		{CD6260F2-B1F8-448C-A643-B18E2D7CB7FF}.Debug|x86.ActiveCfg = Debug|Any CPU
		{CD6260F2-B1F8-448C-A643-B18E2D7CB7FF}.Debug|x86.Build.0 = Debug|Any CPU
		{CD6260F2-B1F8-448C-A643-B18E2D7CB7FF}.Release|Any CPU.ActiveCfg = Release|Any CPU
		{CD6260F2-B1F8-448C-A643-B18E2D7CB7FF}.Release|Any CPU.Build.0 = Release|Any CPU
		{CD6260F2-B1F8-448C-A643-B18E2D7CB7FF}.Release|x64.ActiveCfg = Release|Any CPU
		{CD6260F2-B1F8-448C-A643-B18E2D7CB7FF}.Release|x64.Build.0 = Release|Any CPU
		{CD6260F2-B1F8-448C-A643-B18E2D7CB7FF}.Release|x86.ActiveCfg = Release|Any CPU
		{CD6260F2-B1F8-448C-A643-B18E2D7CB7FF}.Release|x86.Build.0 = Release|Any CPU
		{5ECA4097-6F9E-4D9A-8ABE-90C51FC9EED4}.Debug|Any CPU.ActiveCfg = Debug|Any CPU
		{5ECA4097-6F9E-4D9A-8ABE-90C51FC9EED4}.Debug|Any CPU.Build.0 = Debug|Any CPU
		{5ECA4097-6F9E-4D9A-8ABE-90C51FC9EED4}.Debug|x64.ActiveCfg = Debug|Any CPU
		{5ECA4097-6F9E-4D9A-8ABE-90C51FC9EED4}.Debug|x64.Build.0 = Debug|Any CPU
		{5ECA4097-6F9E-4D9A-8ABE-90C51FC9EED4}.Debug|x86.ActiveCfg = Debug|Any CPU
		{5ECA4097-6F9E-4D9A-8ABE-90C51FC9EED4}.Debug|x86.Build.0 = Debug|Any CPU
		{5ECA4097-6F9E-4D9A-8ABE-90C51FC9EED4}.Release|Any CPU.ActiveCfg = Release|Any CPU
		{5ECA4097-6F9E-4D9A-8ABE-90C51FC9EED4}.Release|Any CPU.Build.0 = Release|Any CPU
		{5ECA4097-6F9E-4D9A-8ABE-90C51FC9EED4}.Release|x64.ActiveCfg = Release|Any CPU
		{5ECA4097-6F9E-4D9A-8ABE-90C51FC9EED4}.Release|x64.Build.0 = Release|Any CPU
		{5ECA4097-6F9E-4D9A-8ABE-90C51FC9EED4}.Release|x86.ActiveCfg = Release|Any CPU
		{5ECA4097-6F9E-4D9A-8ABE-90C51FC9EED4}.Release|x86.Build.0 = Release|Any CPU
		{EE756656-8161-491A-B8DC-5C4EED756739}.Debug|Any CPU.ActiveCfg = Debug|Any CPU
		{EE756656-8161-491A-B8DC-5C4EED756739}.Debug|Any CPU.Build.0 = Debug|Any CPU
		{EE756656-8161-491A-B8DC-5C4EED756739}.Debug|x64.ActiveCfg = Debug|Any CPU
		{EE756656-8161-491A-B8DC-5C4EED756739}.Debug|x64.Build.0 = Debug|Any CPU
		{EE756656-8161-491A-B8DC-5C4EED756739}.Debug|x86.ActiveCfg = Debug|Any CPU
		{EE756656-8161-491A-B8DC-5C4EED756739}.Debug|x86.Build.0 = Debug|Any CPU
		{EE756656-8161-491A-B8DC-5C4EED756739}.Release|Any CPU.ActiveCfg = Release|Any CPU
		{EE756656-8161-491A-B8DC-5C4EED756739}.Release|Any CPU.Build.0 = Release|Any CPU
		{EE756656-8161-491A-B8DC-5C4EED756739}.Release|x64.ActiveCfg = Release|Any CPU
		{EE756656-8161-491A-B8DC-5C4EED756739}.Release|x64.Build.0 = Release|Any CPU
		{EE756656-8161-491A-B8DC-5C4EED756739}.Release|x86.ActiveCfg = Release|Any CPU
		{EE756656-8161-491A-B8DC-5C4EED756739}.Release|x86.Build.0 = Release|Any CPU
		{018E6C61-6E7F-40D9-BA9A-47768ABCD3F3}.Debug|Any CPU.ActiveCfg = Debug|Any CPU
		{018E6C61-6E7F-40D9-BA9A-47768ABCD3F3}.Debug|Any CPU.Build.0 = Debug|Any CPU
		{018E6C61-6E7F-40D9-BA9A-47768ABCD3F3}.Debug|x64.ActiveCfg = Debug|Any CPU
		{018E6C61-6E7F-40D9-BA9A-47768ABCD3F3}.Debug|x64.Build.0 = Debug|Any CPU
		{018E6C61-6E7F-40D9-BA9A-47768ABCD3F3}.Debug|x86.ActiveCfg = Debug|Any CPU
		{018E6C61-6E7F-40D9-BA9A-47768ABCD3F3}.Debug|x86.Build.0 = Debug|Any CPU
		{018E6C61-6E7F-40D9-BA9A-47768ABCD3F3}.Release|Any CPU.ActiveCfg = Release|Any CPU
		{018E6C61-6E7F-40D9-BA9A-47768ABCD3F3}.Release|Any CPU.Build.0 = Release|Any CPU
		{018E6C61-6E7F-40D9-BA9A-47768ABCD3F3}.Release|x64.ActiveCfg = Release|Any CPU
		{018E6C61-6E7F-40D9-BA9A-47768ABCD3F3}.Release|x64.Build.0 = Release|Any CPU
		{018E6C61-6E7F-40D9-BA9A-47768ABCD3F3}.Release|x86.ActiveCfg = Release|Any CPU
		{018E6C61-6E7F-40D9-BA9A-47768ABCD3F3}.Release|x86.Build.0 = Release|Any CPU
		{F0B6FE30-CCDD-4E39-AF2C-CF0C4C051860}.Debug|Any CPU.ActiveCfg = Debug|Any CPU
		{F0B6FE30-CCDD-4E39-AF2C-CF0C4C051860}.Debug|Any CPU.Build.0 = Debug|Any CPU
		{F0B6FE30-CCDD-4E39-AF2C-CF0C4C051860}.Debug|x64.ActiveCfg = Debug|Any CPU
		{F0B6FE30-CCDD-4E39-AF2C-CF0C4C051860}.Debug|x64.Build.0 = Debug|Any CPU
		{F0B6FE30-CCDD-4E39-AF2C-CF0C4C051860}.Debug|x86.ActiveCfg = Debug|Any CPU
		{F0B6FE30-CCDD-4E39-AF2C-CF0C4C051860}.Debug|x86.Build.0 = Debug|Any CPU
		{F0B6FE30-CCDD-4E39-AF2C-CF0C4C051860}.Release|Any CPU.ActiveCfg = Release|Any CPU
		{F0B6FE30-CCDD-4E39-AF2C-CF0C4C051860}.Release|Any CPU.Build.0 = Release|Any CPU
		{F0B6FE30-CCDD-4E39-AF2C-CF0C4C051860}.Release|x64.ActiveCfg = Release|Any CPU
		{F0B6FE30-CCDD-4E39-AF2C-CF0C4C051860}.Release|x64.Build.0 = Release|Any CPU
		{F0B6FE30-CCDD-4E39-AF2C-CF0C4C051860}.Release|x86.ActiveCfg = Release|Any CPU
		{F0B6FE30-CCDD-4E39-AF2C-CF0C4C051860}.Release|x86.Build.0 = Release|Any CPU
		{FA0F18D3-5908-43C7-B984-B285F8587729}.Debug|Any CPU.ActiveCfg = Debug|Any CPU
		{FA0F18D3-5908-43C7-B984-B285F8587729}.Debug|Any CPU.Build.0 = Debug|Any CPU
		{FA0F18D3-5908-43C7-B984-B285F8587729}.Debug|x64.ActiveCfg = Debug|Any CPU
		{FA0F18D3-5908-43C7-B984-B285F8587729}.Debug|x64.Build.0 = Debug|Any CPU
		{FA0F18D3-5908-43C7-B984-B285F8587729}.Debug|x86.ActiveCfg = Debug|Any CPU
		{FA0F18D3-5908-43C7-B984-B285F8587729}.Debug|x86.Build.0 = Debug|Any CPU
		{FA0F18D3-5908-43C7-B984-B285F8587729}.Release|Any CPU.ActiveCfg = Release|Any CPU
		{FA0F18D3-5908-43C7-B984-B285F8587729}.Release|Any CPU.Build.0 = Release|Any CPU
		{FA0F18D3-5908-43C7-B984-B285F8587729}.Release|x64.ActiveCfg = Release|Any CPU
		{FA0F18D3-5908-43C7-B984-B285F8587729}.Release|x64.Build.0 = Release|Any CPU
		{FA0F18D3-5908-43C7-B984-B285F8587729}.Release|x86.ActiveCfg = Release|Any CPU
		{FA0F18D3-5908-43C7-B984-B285F8587729}.Release|x86.Build.0 = Release|Any CPU
		{D43B1ADA-F74C-493C-BE4D-074AC9844849}.Debug|Any CPU.ActiveCfg = Debug|Any CPU
		{D43B1ADA-F74C-493C-BE4D-074AC9844849}.Debug|Any CPU.Build.0 = Debug|Any CPU
		{D43B1ADA-F74C-493C-BE4D-074AC9844849}.Debug|x64.ActiveCfg = Debug|Any CPU
		{D43B1ADA-F74C-493C-BE4D-074AC9844849}.Debug|x64.Build.0 = Debug|Any CPU
		{D43B1ADA-F74C-493C-BE4D-074AC9844849}.Debug|x86.ActiveCfg = Debug|Any CPU
		{D43B1ADA-F74C-493C-BE4D-074AC9844849}.Debug|x86.Build.0 = Debug|Any CPU
		{D43B1ADA-F74C-493C-BE4D-074AC9844849}.Release|Any CPU.ActiveCfg = Release|Any CPU
		{D43B1ADA-F74C-493C-BE4D-074AC9844849}.Release|Any CPU.Build.0 = Release|Any CPU
		{D43B1ADA-F74C-493C-BE4D-074AC9844849}.Release|x64.ActiveCfg = Release|Any CPU
		{D43B1ADA-F74C-493C-BE4D-074AC9844849}.Release|x64.Build.0 = Release|Any CPU
		{D43B1ADA-F74C-493C-BE4D-074AC9844849}.Release|x86.ActiveCfg = Release|Any CPU
		{D43B1ADA-F74C-493C-BE4D-074AC9844849}.Release|x86.Build.0 = Release|Any CPU
		{7DC6CE56-C691-4EB6-8377-3AF048047EB7}.Debug|Any CPU.ActiveCfg = Debug|Any CPU
		{7DC6CE56-C691-4EB6-8377-3AF048047EB7}.Debug|Any CPU.Build.0 = Debug|Any CPU
		{7DC6CE56-C691-4EB6-8377-3AF048047EB7}.Debug|x64.ActiveCfg = Debug|Any CPU
		{7DC6CE56-C691-4EB6-8377-3AF048047EB7}.Debug|x64.Build.0 = Debug|Any CPU
		{7DC6CE56-C691-4EB6-8377-3AF048047EB7}.Debug|x86.ActiveCfg = Debug|Any CPU
		{7DC6CE56-C691-4EB6-8377-3AF048047EB7}.Debug|x86.Build.0 = Debug|Any CPU
		{7DC6CE56-C691-4EB6-8377-3AF048047EB7}.Release|Any CPU.ActiveCfg = Release|Any CPU
		{7DC6CE56-C691-4EB6-8377-3AF048047EB7}.Release|Any CPU.Build.0 = Release|Any CPU
		{7DC6CE56-C691-4EB6-8377-3AF048047EB7}.Release|x64.ActiveCfg = Release|Any CPU
		{7DC6CE56-C691-4EB6-8377-3AF048047EB7}.Release|x64.Build.0 = Release|Any CPU
		{7DC6CE56-C691-4EB6-8377-3AF048047EB7}.Release|x86.ActiveCfg = Release|Any CPU
		{7DC6CE56-C691-4EB6-8377-3AF048047EB7}.Release|x86.Build.0 = Release|Any CPU
		{87AE3D4B-871C-4740-88F7-7C552DD86137}.Debug|Any CPU.ActiveCfg = Debug|Any CPU
		{87AE3D4B-871C-4740-88F7-7C552DD86137}.Debug|Any CPU.Build.0 = Debug|Any CPU
		{87AE3D4B-871C-4740-88F7-7C552DD86137}.Debug|x64.ActiveCfg = Debug|Any CPU
		{87AE3D4B-871C-4740-88F7-7C552DD86137}.Debug|x64.Build.0 = Debug|Any CPU
		{87AE3D4B-871C-4740-88F7-7C552DD86137}.Debug|x86.ActiveCfg = Debug|Any CPU
		{87AE3D4B-871C-4740-88F7-7C552DD86137}.Debug|x86.Build.0 = Debug|Any CPU
		{87AE3D4B-871C-4740-88F7-7C552DD86137}.Release|Any CPU.ActiveCfg = Release|Any CPU
		{87AE3D4B-871C-4740-88F7-7C552DD86137}.Release|Any CPU.Build.0 = Release|Any CPU
		{87AE3D4B-871C-4740-88F7-7C552DD86137}.Release|x64.ActiveCfg = Release|Any CPU
		{87AE3D4B-871C-4740-88F7-7C552DD86137}.Release|x64.Build.0 = Release|Any CPU
		{87AE3D4B-871C-4740-88F7-7C552DD86137}.Release|x86.ActiveCfg = Release|Any CPU
		{87AE3D4B-871C-4740-88F7-7C552DD86137}.Release|x86.Build.0 = Release|Any CPU
		{12AFCEF6-2148-4B18-8419-C5CEFF67B6FB}.Debug|Any CPU.ActiveCfg = Debug|Any CPU
		{12AFCEF6-2148-4B18-8419-C5CEFF67B6FB}.Debug|Any CPU.Build.0 = Debug|Any CPU
		{12AFCEF6-2148-4B18-8419-C5CEFF67B6FB}.Debug|x64.ActiveCfg = Debug|Any CPU
		{12AFCEF6-2148-4B18-8419-C5CEFF67B6FB}.Debug|x64.Build.0 = Debug|Any CPU
		{12AFCEF6-2148-4B18-8419-C5CEFF67B6FB}.Debug|x86.ActiveCfg = Debug|Any CPU
		{12AFCEF6-2148-4B18-8419-C5CEFF67B6FB}.Debug|x86.Build.0 = Debug|Any CPU
		{12AFCEF6-2148-4B18-8419-C5CEFF67B6FB}.Release|Any CPU.ActiveCfg = Release|Any CPU
		{12AFCEF6-2148-4B18-8419-C5CEFF67B6FB}.Release|Any CPU.Build.0 = Release|Any CPU
		{12AFCEF6-2148-4B18-8419-C5CEFF67B6FB}.Release|x64.ActiveCfg = Release|Any CPU
		{12AFCEF6-2148-4B18-8419-C5CEFF67B6FB}.Release|x64.Build.0 = Release|Any CPU
		{12AFCEF6-2148-4B18-8419-C5CEFF67B6FB}.Release|x86.ActiveCfg = Release|Any CPU
		{12AFCEF6-2148-4B18-8419-C5CEFF67B6FB}.Release|x86.Build.0 = Release|Any CPU
		{0CEBAA90-9DAE-4FE6-A4EF-B377A9DAB8EE}.Debug|Any CPU.ActiveCfg = Debug|Win32
		{0CEBAA90-9DAE-4FE6-A4EF-B377A9DAB8EE}.Debug|x64.ActiveCfg = Debug|x64
		{0CEBAA90-9DAE-4FE6-A4EF-B377A9DAB8EE}.Debug|x64.Build.0 = Debug|x64
		{0CEBAA90-9DAE-4FE6-A4EF-B377A9DAB8EE}.Debug|x86.ActiveCfg = Debug|Win32
		{0CEBAA90-9DAE-4FE6-A4EF-B377A9DAB8EE}.Debug|x86.Build.0 = Debug|Win32
		{0CEBAA90-9DAE-4FE6-A4EF-B377A9DAB8EE}.Release|Any CPU.ActiveCfg = Release|Win32
		{0CEBAA90-9DAE-4FE6-A4EF-B377A9DAB8EE}.Release|x64.ActiveCfg = Release|x64
		{0CEBAA90-9DAE-4FE6-A4EF-B377A9DAB8EE}.Release|x64.Build.0 = Release|x64
		{0CEBAA90-9DAE-4FE6-A4EF-B377A9DAB8EE}.Release|x86.ActiveCfg = Release|Win32
		{0CEBAA90-9DAE-4FE6-A4EF-B377A9DAB8EE}.Release|x86.Build.0 = Release|Win32
		{4565AE44-D158-4AB5-8195-DD689D881A3F}.Debug|Any CPU.ActiveCfg = Debug|Any CPU
		{4565AE44-D158-4AB5-8195-DD689D881A3F}.Debug|Any CPU.Build.0 = Debug|Any CPU
		{4565AE44-D158-4AB5-8195-DD689D881A3F}.Debug|x64.ActiveCfg = Debug|Any CPU
		{4565AE44-D158-4AB5-8195-DD689D881A3F}.Debug|x64.Build.0 = Debug|Any CPU
		{4565AE44-D158-4AB5-8195-DD689D881A3F}.Debug|x86.ActiveCfg = Debug|Any CPU
		{4565AE44-D158-4AB5-8195-DD689D881A3F}.Debug|x86.Build.0 = Debug|Any CPU
		{4565AE44-D158-4AB5-8195-DD689D881A3F}.Release|Any CPU.ActiveCfg = Release|Any CPU
		{4565AE44-D158-4AB5-8195-DD689D881A3F}.Release|Any CPU.Build.0 = Release|Any CPU
		{4565AE44-D158-4AB5-8195-DD689D881A3F}.Release|x64.ActiveCfg = Release|Any CPU
		{4565AE44-D158-4AB5-8195-DD689D881A3F}.Release|x64.Build.0 = Release|Any CPU
		{4565AE44-D158-4AB5-8195-DD689D881A3F}.Release|x86.ActiveCfg = Release|Any CPU
		{4565AE44-D158-4AB5-8195-DD689D881A3F}.Release|x86.Build.0 = Release|Any CPU
		{CDA05B79-5BF4-4412-A288-2825335B5F4C}.Debug|Any CPU.ActiveCfg = Debug|Any CPU
		{CDA05B79-5BF4-4412-A288-2825335B5F4C}.Debug|Any CPU.Build.0 = Debug|Any CPU
		{CDA05B79-5BF4-4412-A288-2825335B5F4C}.Debug|x64.ActiveCfg = Debug|Any CPU
		{CDA05B79-5BF4-4412-A288-2825335B5F4C}.Debug|x64.Build.0 = Debug|Any CPU
		{CDA05B79-5BF4-4412-A288-2825335B5F4C}.Debug|x86.ActiveCfg = Debug|Any CPU
		{CDA05B79-5BF4-4412-A288-2825335B5F4C}.Debug|x86.Build.0 = Debug|Any CPU
		{CDA05B79-5BF4-4412-A288-2825335B5F4C}.Release|Any CPU.ActiveCfg = Release|Any CPU
		{CDA05B79-5BF4-4412-A288-2825335B5F4C}.Release|Any CPU.Build.0 = Release|Any CPU
		{CDA05B79-5BF4-4412-A288-2825335B5F4C}.Release|x64.ActiveCfg = Release|Any CPU
		{CDA05B79-5BF4-4412-A288-2825335B5F4C}.Release|x64.Build.0 = Release|Any CPU
		{CDA05B79-5BF4-4412-A288-2825335B5F4C}.Release|x86.ActiveCfg = Release|Any CPU
		{CDA05B79-5BF4-4412-A288-2825335B5F4C}.Release|x86.Build.0 = Release|Any CPU
	EndGlobalSection
	GlobalSection(SolutionProperties) = preSolution
		HideSolutionNode = FALSE
	EndGlobalSection
	GlobalSection(NestedProjects) = preSolution
		{A9BB2FB0-D62E-45F9-82C9-C5029CF9EFB7} = {A3A04B82-CBBC-4713-ADC6-5C7495C1E362}
		{34344D0A-C186-4FE9-A639-E29E3C45D355} = {A3A04B82-CBBC-4713-ADC6-5C7495C1E362}
		{BF597221-CC46-4AE9-852D-23A5ABF64DC6} = {A3A04B82-CBBC-4713-ADC6-5C7495C1E362}
		{23F59161-E505-4338-9BE8-2B50A9659094} = {A3A04B82-CBBC-4713-ADC6-5C7495C1E362}
		{E380BAC1-FCDC-43F1-A51A-CD83D8FBCC4B} = {A3A04B82-CBBC-4713-ADC6-5C7495C1E362}
		{D3972F48-7C5B-45D2-9553-DE028CD52825} = {A3A04B82-CBBC-4713-ADC6-5C7495C1E362}
		{8561B917-6965-44DB-A0AC-A500E160B2EF} = {A3A04B82-CBBC-4713-ADC6-5C7495C1E362}
		{CD6260F2-B1F8-448C-A643-B18E2D7CB7FF} = {A3A04B82-CBBC-4713-ADC6-5C7495C1E362}
		{5ECA4097-6F9E-4D9A-8ABE-90C51FC9EED4} = {A3A04B82-CBBC-4713-ADC6-5C7495C1E362}
		{EE756656-8161-491A-B8DC-5C4EED756739} = {A3A04B82-CBBC-4713-ADC6-5C7495C1E362}
		{018E6C61-6E7F-40D9-BA9A-47768ABCD3F3} = {DA9A84A5-ECE5-437A-8549-EC036DEE6940}
		{F0B6FE30-CCDD-4E39-AF2C-CF0C4C051860} = {DA9A84A5-ECE5-437A-8549-EC036DEE6940}
		{FA0F18D3-5908-43C7-B984-B285F8587729} = {DA9A84A5-ECE5-437A-8549-EC036DEE6940}
		{D43B1ADA-F74C-493C-BE4D-074AC9844849} = {DA9A84A5-ECE5-437A-8549-EC036DEE6940}
		{7DC6CE56-C691-4EB6-8377-3AF048047EB7} = {DA9A84A5-ECE5-437A-8549-EC036DEE6940}
		{87AE3D4B-871C-4740-88F7-7C552DD86137} = {DA9A84A5-ECE5-437A-8549-EC036DEE6940}
		{12AFCEF6-2148-4B18-8419-C5CEFF67B6FB} = {DA9A84A5-ECE5-437A-8549-EC036DEE6940}
		{0CEBAA90-9DAE-4FE6-A4EF-B377A9DAB8EE} = {DA9A84A5-ECE5-437A-8549-EC036DEE6940}
		{4565AE44-D158-4AB5-8195-DD689D881A3F} = {DA9A84A5-ECE5-437A-8549-EC036DEE6940}
		{CDA05B79-5BF4-4412-A288-2825335B5F4C} = {DA9A84A5-ECE5-437A-8549-EC036DEE6940}
	EndGlobalSection
EndGlobal
