
Microsoft Visual Studio Solution File, Format Version 12.00
# Visual Studio 14
VisualStudioVersion = 14.0.25123.0
MinimumVisualStudioVersion = 10.0.40219.1
Project("{FAE04EC0-301F-11D3-BF4B-00C04F79EFBC}") = "Client_Lab_1", "Client_Lab_1\Client_Lab_1.csproj", "{A9BB2FB0-D62E-45F9-82C9-C5029CF9EFB7}"
EndProject
Project("{FAE04EC0-301F-11D3-BF4B-00C04F79EFBC}") = "Server_Lab_1_KPP", "Server_Lab_1_KPP\Server_Lab_1_KPP.csproj", "{34344D0A-C186-4FE9-A639-E29E3C45D355}"
EndProject
Project("{FAE04EC0-301F-11D3-BF4B-00C04F79EFBC}") = "Server_Lab_2_KPP", "Server_Lab_2_KPP\Server_Lab_2_KPP.csproj", "{BF597221-CC46-4AE9-852D-23A5ABF64DC6}"
EndProject
Project("{FAE04EC0-301F-11D3-BF4B-00C04F79EFBC}") = "Client__Lab_2", "Client__Lab_2\Client__Lab_2.csproj", "{23F59161-E505-4338-9BE8-2B50A9659094}"
EndProject
Project("{FAE04EC0-301F-11D3-BF4B-00C04F79EFBC}") = "Server_Lab_3_KPP", "Server_Lab_3\Server_Lab_3_KPP.csproj", "{E380BAC1-FCDC-43F1-A51A-CD83D8FBCC4B}"
EndProject
Project("{FAE04EC0-301F-11D3-BF4B-00C04F79EFBC}") = "Client_Lab_3", "Client_Lab_3\Client_Lab_3.csproj", "{D3972F48-7C5B-45D2-9553-DE028CD52825}"
EndProject
Project("{FAE04EC0-301F-11D3-BF4B-00C04F79EFBC}") = "Word_Lab_4_KPP", "Word_Lab_4_KPP\Word_Lab_4_KPP.csproj", "{8561B917-6965-44DB-A0AC-A500E160B2EF}"
EndProject
Project("{FAE04EC0-301F-11D3-BF4B-00C04F79EFBC}") = "Word_Lab_5_KPP", "Word_Lab_5_KPP\Word_Lab_5_KPP.csproj", "{CD6260F2-B1F8-448C-A643-B18E2D7CB7FF}"
EndProject
Project("{FAE04EC0-301F-11D3-BF4B-00C04F79EFBC}") = "Excel_Lab_6_KPP", "Excel_Lab_6_KPP\Excel_Lab_6_KPP.csproj", "{5ECA4097-6F9E-4D9A-8ABE-90C51FC9EED4}"
EndProject
Project("{FAE04EC0-301F-11D3-BF4B-00C04F79EFBC}") = "Excel_Lab_7_KPP", "Excel_Lab_7_KPP\Excel_Lab_7_KPP.csproj", "{EE756656-8161-491A-B8DC-5C4EED756739}"
EndProject
Project("{2150E333-8FDC-42A3-9474-1A3956D46DE8}") = "КПП", "КПП", "{A3A04B82-CBBC-4713-ADC6-5C7495C1E362}"
EndProject
Project("{FAE04EC0-301F-11D3-BF4B-00C04F79EFBC}") = "lr_1_3_TRSPO", "lr_1_3_TRSPO\lr_1_3_TRSPO.csproj", "{018E6C61-6E7F-40D9-BA9A-47768ABCD3F3}"
EndProject
Project("{FAE04EC0-301F-11D3-BF4B-00C04F79EFBC}") = "lr_2_3_TRSPO", "lr_2_3_TRSPO\lr_2_3_TRSPO.csproj", "{F0B6FE30-CCDD-4E39-AF2C-CF0C4C051860}"
EndProject
Global
	GlobalSection(SolutionConfigurationPlatforms) = preSolution
		Debug|Any CPU = Debug|Any CPU
		Release|Any CPU = Release|Any CPU
	EndGlobalSection
	GlobalSection(ProjectConfigurationPlatforms) = postSolution
		{A9BB2FB0-D62E-45F9-82C9-C5029CF9EFB7}.Debug|Any CPU.ActiveCfg = Debug|Any CPU
		{A9BB2FB0-D62E-45F9-82C9-C5029CF9EFB7}.Debug|Any CPU.Build.0 = Debug|Any CPU
		{A9BB2FB0-D62E-45F9-82C9-C5029CF9EFB7}.Release|Any CPU.ActiveCfg = Release|Any CPU
		{A9BB2FB0-D62E-45F9-82C9-C5029CF9EFB7}.Release|Any CPU.Build.0 = Release|Any CPU
		{34344D0A-C186-4FE9-A639-E29E3C45D355}.Debug|Any CPU.ActiveCfg = Debug|Any CPU
		{34344D0A-C186-4FE9-A639-E29E3C45D355}.Debug|Any CPU.Build.0 = Debug|Any CPU
		{34344D0A-C186-4FE9-A639-E29E3C45D355}.Release|Any CPU.ActiveCfg = Release|Any CPU
		{34344D0A-C186-4FE9-A639-E29E3C45D355}.Release|Any CPU.Build.0 = Release|Any CPU
		{BF597221-CC46-4AE9-852D-23A5ABF64DC6}.Debug|Any CPU.ActiveCfg = Debug|Any CPU
		{BF597221-CC46-4AE9-852D-23A5ABF64DC6}.Debug|Any CPU.Build.0 = Debug|Any CPU
		{BF597221-CC46-4AE9-852D-23A5ABF64DC6}.Release|Any CPU.ActiveCfg = Release|Any CPU
		{BF597221-CC46-4AE9-852D-23A5ABF64DC6}.Release|Any CPU.Build.0 = Release|Any CPU
		{23F59161-E505-4338-9BE8-2B50A9659094}.Debug|Any CPU.ActiveCfg = Debug|Any CPU
		{23F59161-E505-4338-9BE8-2B50A9659094}.Debug|Any CPU.Build.0 = Debug|Any CPU
		{23F59161-E505-4338-9BE8-2B50A9659094}.Release|Any CPU.ActiveCfg = Release|Any CPU
		{23F59161-E505-4338-9BE8-2B50A9659094}.Release|Any CPU.Build.0 = Release|Any CPU
		{E380BAC1-FCDC-43F1-A51A-CD83D8FBCC4B}.Debug|Any CPU.ActiveCfg = Debug|Any CPU
		{E380BAC1-FCDC-43F1-A51A-CD83D8FBCC4B}.Debug|Any CPU.Build.0 = Debug|Any CPU
		{E380BAC1-FCDC-43F1-A51A-CD83D8FBCC4B}.Release|Any CPU.ActiveCfg = Release|Any CPU
		{E380BAC1-FCDC-43F1-A51A-CD83D8FBCC4B}.Release|Any CPU.Build.0 = Release|Any CPU
		{D3972F48-7C5B-45D2-9553-DE028CD52825}.Debug|Any CPU.ActiveCfg = Debug|Any CPU
		{D3972F48-7C5B-45D2-9553-DE028CD52825}.Debug|Any CPU.Build.0 = Debug|Any CPU
		{D3972F48-7C5B-45D2-9553-DE028CD52825}.Release|Any CPU.ActiveCfg = Release|Any CPU
		{D3972F48-7C5B-45D2-9553-DE028CD52825}.Release|Any CPU.Build.0 = Release|Any CPU
		{8561B917-6965-44DB-A0AC-A500E160B2EF}.Debug|Any CPU.ActiveCfg = Debug|Any CPU
		{8561B917-6965-44DB-A0AC-A500E160B2EF}.Debug|Any CPU.Build.0 = Debug|Any CPU
		{8561B917-6965-44DB-A0AC-A500E160B2EF}.Release|Any CPU.ActiveCfg = Release|Any CPU
		{8561B917-6965-44DB-A0AC-A500E160B2EF}.Release|Any CPU.Build.0 = Release|Any CPU
		{CD6260F2-B1F8-448C-A643-B18E2D7CB7FF}.Debug|Any CPU.ActiveCfg = Debug|Any CPU
		{CD6260F2-B1F8-448C-A643-B18E2D7CB7FF}.Debug|Any CPU.Build.0 = Debug|Any CPU
		{CD6260F2-B1F8-448C-A643-B18E2D7CB7FF}.Release|Any CPU.ActiveCfg = Release|Any CPU
		{CD6260F2-B1F8-448C-A643-B18E2D7CB7FF}.Release|Any CPU.Build.0 = Release|Any CPU
		{5ECA4097-6F9E-4D9A-8ABE-90C51FC9EED4}.Debug|Any CPU.ActiveCfg = Debug|Any CPU
		{5ECA4097-6F9E-4D9A-8ABE-90C51FC9EED4}.Debug|Any CPU.Build.0 = Debug|Any CPU
		{5ECA4097-6F9E-4D9A-8ABE-90C51FC9EED4}.Release|Any CPU.ActiveCfg = Release|Any CPU
		{5ECA4097-6F9E-4D9A-8ABE-90C51FC9EED4}.Release|Any CPU.Build.0 = Release|Any CPU
		{EE756656-8161-491A-B8DC-5C4EED756739}.Debug|Any CPU.ActiveCfg = Debug|Any CPU
		{EE756656-8161-491A-B8DC-5C4EED756739}.Debug|Any CPU.Build.0 = Debug|Any CPU
		{EE756656-8161-491A-B8DC-5C4EED756739}.Release|Any CPU.ActiveCfg = Release|Any CPU
		{EE756656-8161-491A-B8DC-5C4EED756739}.Release|Any CPU.Build.0 = Release|Any CPU
		{018E6C61-6E7F-40D9-BA9A-47768ABCD3F3}.Debug|Any CPU.ActiveCfg = Debug|Any CPU
		{018E6C61-6E7F-40D9-BA9A-47768ABCD3F3}.Debug|Any CPU.Build.0 = Debug|Any CPU
		{018E6C61-6E7F-40D9-BA9A-47768ABCD3F3}.Release|Any CPU.ActiveCfg = Release|Any CPU
		{018E6C61-6E7F-40D9-BA9A-47768ABCD3F3}.Release|Any CPU.Build.0 = Release|Any CPU
		{F0B6FE30-CCDD-4E39-AF2C-CF0C4C051860}.Debug|Any CPU.ActiveCfg = Debug|Any CPU
		{F0B6FE30-CCDD-4E39-AF2C-CF0C4C051860}.Debug|Any CPU.Build.0 = Debug|Any CPU
		{F0B6FE30-CCDD-4E39-AF2C-CF0C4C051860}.Release|Any CPU.ActiveCfg = Release|Any CPU
		{F0B6FE30-CCDD-4E39-AF2C-CF0C4C051860}.Release|Any CPU.Build.0 = Release|Any CPU
	EndGlobalSection
	GlobalSection(SolutionProperties) = preSolution
		HideSolutionNode = FALSE
	EndGlobalSection
	GlobalSection(NestedProjects) = preSolution
		{A9BB2FB0-D62E-45F9-82C9-C5029CF9EFB7} = {A3A04B82-CBBC-4713-ADC6-5C7495C1E362}
		{34344D0A-C186-4FE9-A639-E29E3C45D355} = {A3A04B82-CBBC-4713-ADC6-5C7495C1E362}
		{BF597221-CC46-4AE9-852D-23A5ABF64DC6} = {A3A04B82-CBBC-4713-ADC6-5C7495C1E362}
		{23F59161-E505-4338-9BE8-2B50A9659094} = {A3A04B82-CBBC-4713-ADC6-5C7495C1E362}
		{E380BAC1-FCDC-43F1-A51A-CD83D8FBCC4B} = {A3A04B82-CBBC-4713-ADC6-5C7495C1E362}
		{D3972F48-7C5B-45D2-9553-DE028CD52825} = {A3A04B82-CBBC-4713-ADC6-5C7495C1E362}
		{8561B917-6965-44DB-A0AC-A500E160B2EF} = {A3A04B82-CBBC-4713-ADC6-5C7495C1E362}
		{CD6260F2-B1F8-448C-A643-B18E2D7CB7FF} = {A3A04B82-CBBC-4713-ADC6-5C7495C1E362}
		{5ECA4097-6F9E-4D9A-8ABE-90C51FC9EED4} = {A3A04B82-CBBC-4713-ADC6-5C7495C1E362}
		{EE756656-8161-491A-B8DC-5C4EED756739} = {A3A04B82-CBBC-4713-ADC6-5C7495C1E362}
	EndGlobalSection
EndGlobal
